
Microsoft Visual Studio Solution File, Format Version 12.00
# Visual Studio Version 17
VisualStudioVersion = 17.11.35312.102
MinimumVisualStudioVersion = 10.0.40219.1
Project("{FAE04EC0-301F-11D3-BF4B-00C04F79EFBC}") = "MoneyMe_Challenge.API", "MoneyMe_Challenge.API\MoneyMe_Challenge.API.csproj", "{9AD1C059-131E-41D3-ABB9-087E6A9ACAE1}"
EndProject
Project("{FAE04EC0-301F-11D3-BF4B-00C04F79EFBC}") = "MoneyMe_Challenge.CORE", "MoneyMe_Challenge.CORE\MoneyMe_Challenge.CORE.csproj", "{4C7CA32C-DB12-42F1-A9DF-288763A6BF62}"
EndProject
Project("{FAE04EC0-301F-11D3-BF4B-00C04F79EFBC}") = "MoneyMe_Challenge.DATA", "MoneyMe_Challenge.DATA\MoneyMe_Challenge.DATA.csproj", "{7BDFA13B-0CB4-4CD0-9A47-3CDB0C1EDFE8}"
EndProject
Project("{00D1A9C2-B5F0-4AF3-8072-F6C62B433612}") = "MoneyMe_DB", "MoneyMe_DB\MoneyMe_DB.sqlproj", "{8A95B37D-BD9A-4205-BF5D-EDC92D6A339B}"
EndProject
Global
	GlobalSection(SolutionConfigurationPlatforms) = preSolution
		Debug|Any CPU = Debug|Any CPU
		Release|Any CPU = Release|Any CPU
	EndGlobalSection
	GlobalSection(ProjectConfigurationPlatforms) = postSolution
		{9AD1C059-131E-41D3-ABB9-087E6A9ACAE1}.Debug|Any CPU.ActiveCfg = Debug|Any CPU
		{9AD1C059-131E-41D3-ABB9-087E6A9ACAE1}.Debug|Any CPU.Build.0 = Debug|Any CPU
		{9AD1C059-131E-41D3-ABB9-087E6A9ACAE1}.Release|Any CPU.ActiveCfg = Release|Any CPU
		{9AD1C059-131E-41D3-ABB9-087E6A9ACAE1}.Release|Any CPU.Build.0 = Release|Any CPU
		{4C7CA32C-DB12-42F1-A9DF-288763A6BF62}.Debug|Any CPU.ActiveCfg = Debug|Any CPU
		{4C7CA32C-DB12-42F1-A9DF-288763A6BF62}.Debug|Any CPU.Build.0 = Debug|Any CPU
		{4C7CA32C-DB12-42F1-A9DF-288763A6BF62}.Release|Any CPU.ActiveCfg = Release|Any CPU
		{4C7CA32C-DB12-42F1-A9DF-288763A6BF62}.Release|Any CPU.Build.0 = Release|Any CPU
		{7BDFA13B-0CB4-4CD0-9A47-3CDB0C1EDFE8}.Debug|Any CPU.ActiveCfg = Debug|Any CPU
		{7BDFA13B-0CB4-4CD0-9A47-3CDB0C1EDFE8}.Debug|Any CPU.Build.0 = Debug|Any CPU
		{7BDFA13B-0CB4-4CD0-9A47-3CDB0C1EDFE8}.Release|Any CPU.ActiveCfg = Release|Any CPU
		{7BDFA13B-0CB4-4CD0-9A47-3CDB0C1EDFE8}.Release|Any CPU.Build.0 = Release|Any CPU
		{8A95B37D-BD9A-4205-BF5D-EDC92D6A339B}.Debug|Any CPU.ActiveCfg = Debug|Any CPU
		{8A95B37D-BD9A-4205-BF5D-EDC92D6A339B}.Debug|Any CPU.Build.0 = Debug|Any CPU
		{8A95B37D-BD9A-4205-BF5D-EDC92D6A339B}.Debug|Any CPU.Deploy.0 = Debug|Any CPU
		{8A95B37D-BD9A-4205-BF5D-EDC92D6A339B}.Release|Any CPU.ActiveCfg = Release|Any CPU
		{8A95B37D-BD9A-4205-BF5D-EDC92D6A339B}.Release|Any CPU.Build.0 = Release|Any CPU
		{8A95B37D-BD9A-4205-BF5D-EDC92D6A339B}.Release|Any CPU.Deploy.0 = Release|Any CPU
	EndGlobalSection
	GlobalSection(SolutionProperties) = preSolution
		HideSolutionNode = FALSE
	EndGlobalSection
	GlobalSection(ExtensibilityGlobals) = postSolution
		SolutionGuid = {1C74FB3F-4BE2-4EA7-9293-08437FE1F7F7}
	EndGlobalSection
EndGlobal
